
Microsoft Visual Studio Solution File, Format Version 12.00
# Visual Studio Version 16
VisualStudioVersion = 25.0.1700.6
MinimumVisualStudioVersion = 10.0.40219.1
Project("{F2A71F9B-5D33-465A-A702-920D77279786}") = "GTK3SkiaFS", "gtk3SkiaFS.fsproj", "{CF65BF81-B59E-45C0-9F79-45E6DD326B3B}"
EndProject
Global
	GlobalSection(SolutionConfigurationPlatforms) = preSolution
		Debug|Any CPU = Debug|Any CPU
		Release|Any CPU = Release|Any CPU
	EndGlobalSection
	GlobalSection(ProjectConfigurationPlatforms) = postSolution
		{CF65BF81-B59E-45C0-9F79-45E6DD326B3B}.Debug|Any CPU.ActiveCfg = Debug|Any CPU
		{CF65BF81-B59E-45C0-9F79-45E6DD326B3B}.Debug|Any CPU.Build.0 = Debug|Any CPU
		{CF65BF81-B59E-45C0-9F79-45E6DD326B3B}.Release|Any CPU.ActiveCfg = Release|Any CPU
		{CF65BF81-B59E-45C0-9F79-45E6DD326B3B}.Release|Any CPU.Build.0 = Release|Any CPU
	EndGlobalSection
	GlobalSection(SolutionProperties) = preSolution
		HideSolutionNode = FALSE
	EndGlobalSection
	GlobalSection(ExtensibilityGlobals) = postSolution
		SolutionGuid = {F068EB2B-4A23-4C5A-93C8-37EC61FE295F}
	EndGlobalSection
EndGlobal
